// !$*UTF8*$!
{
	archiveVersion = 1;
	classes = {
	};
	objectVersion = 56;
	objects = {

/* Begin PBXBuildFile section */
		E00000000000000000000020 /* AppDelegate.swift in Sources */ = {isa = PBXBuildFile; fileRef = E00000000000000000000010 /* AppDelegate.swift */; };
		E00000000000000000000023 /* epix-icon.png in Resources */ = {isa = PBXBuildFile; fileRef = E00000000000000000000015 /* epix-icon.png */; };
		E00000000000000000000024 /* wallet-ext in Resources */ = {isa = PBXBuildFile; fileRef = E00000000000000000000016 /* wallet-ext */; };
		E00000000000000000000021 /* epix_ffi.swift in Sources */ = {isa = PBXBuildFile; fileRef = E00000000000000000000013 /* epix_ffi.swift */; };
		E00000000000000000000022 /* Assets.xcassets in Resources */ = {isa = PBXBuildFile; fileRef = E00000000000000000000012 /* Assets.xcassets */; };
/* End PBXBuildFile section */

/* Begin PBXFileReference section */
		E00000000000000000000010 /* AppDelegate.swift */ = {isa = PBXFileReference; lastKnownFileType = sourcecode.swift; name = AppDelegate.swift; path = "../../shells/ios/EpixBrowser/AppDelegate.swift"; sourceTree = "<group>"; };
		E00000000000000000000015 /* epix-icon.png */ = {isa = PBXFileReference; lastKnownFileType = image.png; name = "epix-icon.png"; path = "../../shells/ios/EpixBrowser/epix-icon.png"; sourceTree = "<group>"; };
		E00000000000000000000016 /* wallet-ext */ = {isa = PBXFileReference; lastKnownFileType = folder; name = "wallet-ext"; path = "../../shells/wallet-ext"; sourceTree = "<group>"; };
		E00000000000000000000011 /* Info.plist */ = {isa = PBXFileReference; lastKnownFileType = text.plist.xml; path = Info.plist; sourceTree = "<group>"; };
		E00000000000000000000012 /* Assets.xcassets */ = {isa = PBXFileReference; lastKnownFileType = folder.assetcatalog; path = Assets.xcassets; sourceTree = "<group>"; };
		E00000000000000000000013 /* epix_ffi.swift */ = {isa = PBXFileReference; lastKnownFileType = sourcecode.swift; path = epix_ffi.swift; sourceTree = "<group>"; };
		E00000000000000000000014 /* EpixNet.app */ = {isa = PBXFileReference; explicitFileType = wrapper.application; includeInIndex = 0; path = EpixNet.app; sourceTree = BUILT_PRODUCTS_DIR; };
/* End PBXFileReference section */

/* Begin PBXGroup section */
		E00000000000000000000002 = {
			isa = PBXGroup;
			children = (
				E00000000000000000000003 /* EpixNet */,
				E00000000000000000000005 /* Generated */,
				E00000000000000000000004 /* Products */,
			);
			sourceTree = "<group>";
		};
		E00000000000000000000003 /* EpixNet */ = {
			isa = PBXGroup;
			children = (
				E00000000000000000000010 /* AppDelegate.swift */,
				E00000000000000000000015 /* epix-icon.png */,
				E00000000000000000000016 /* wallet-ext */,
				E00000000000000000000012 /* Assets.xcassets */,
				E00000000000000000000011 /* Info.plist */,
			);
			path = EpixNet;
			sourceTree = "<group>";
		};
		E00000000000000000000004 /* Products */ = {
			isa = PBXGroup;
			children = (
				E00000000000000000000014 /* EpixNet.app */,
			);
			name = Products;
			sourceTree = "<group>";
		};
		E00000000000000000000005 /* Generated */ = {
			isa = PBXGroup;
			children = (
				E00000000000000000000013 /* epix_ffi.swift */,
			);
			path = Generated;
			sourceTree = "<group>";
		};
/* End PBXGroup section */

/* Begin PBXNativeTarget section */
		E00000000000000000000040 /* EpixNet */ = {
			isa = PBXNativeTarget;
			buildConfigurationList = E00000000000000000000053 /* Build configuration list for PBXNativeTarget "EpixNet" */;
			buildPhases = (
				E00000000000000000000030 /* Build Rust node (epix-ffi) */,
				E00000000000000000000031 /* Sources */,
				E00000000000000000000032 /* Resources */,
			);
			buildRules = (
			);
			dependencies = (
			);
			name = EpixNet;
			productName = EpixNet;
			productReference = E00000000000000000000014 /* EpixNet.app */;
			productType = "com.apple.product-type.application";
		};
/* End PBXNativeTarget section */

/* Begin PBXProject section */
		E00000000000000000000001 /* Project object */ = {
			isa = PBXProject;
			attributes = {
				BuildIndependentTargetsInParallel = 1;
				LastUpgradeCheck = 1500;
			};
			buildConfigurationList = E00000000000000000000050 /* Build configuration list for PBXProject "EpixNet" */;
			compatibilityVersion = "Xcode 14.0";
			developmentRegion = en;
			hasScannedForEncodings = 0;
			knownRegions = (
				en,
				Base,
			);
			mainGroup = E00000000000000000000002;
			productRefGroup = E00000000000000000000004 /* Products */;
			projectDirPath = "";
			projectRoot = "";
			targets = (
				E00000000000000000000040 /* EpixNet */,
			);
		};
/* End PBXProject section */

/* Begin PBXResourcesBuildPhase section */
		E00000000000000000000032 /* Resources */ = {
			isa = PBXResourcesBuildPhase;
			buildActionMask = 2147483647;
			files = (
				E00000000000000000000022 /* Assets.xcassets in Resources */,
				E00000000000000000000023 /* epix-icon.png in Resources */,
				E00000000000000000000024 /* wallet-ext in Resources */,
			);
			runOnlyForDeploymentPostprocessing = 0;
		};
/* End PBXResourcesBuildPhase section */

/* Begin PBXShellScriptBuildPhase section */
		E00000000000000000000030 /* Build Rust node (epix-ffi) */ = {
			isa = PBXShellScriptBuildPhase;
			alwaysOutOfDate = 1;
			buildActionMask = 2147483647;
			files = (
			);
			inputFileListPaths = (
			);
			inputPaths = (
			);
			name = "Build Rust node (epix-ffi)";
			outputFileListPaths = (
			);
			outputPaths = (
				"$(SRCROOT)/Generated/epix_ffi.swift",
				"$(SRCROOT)/Generated/epix_ffiFFI.h",
				"$(SRCROOT)/Generated/epix_ffiFFI.modulemap",
			);
			runOnlyForDeploymentPostprocessing = 0;
			shellPath = /bin/sh;
			shellScript = "exec \"$SRCROOT/build-rust.sh\"\n";
		};
/* End PBXShellScriptBuildPhase section */

/* Begin PBXSourcesBuildPhase section */
		E00000000000000000000031 /* Sources */ = {
			isa = PBXSourcesBuildPhase;
			buildActionMask = 2147483647;
			files = (
				E00000000000000000000020 /* AppDelegate.swift in Sources */,
				E00000000000000000000021 /* epix_ffi.swift in Sources */,
			);
			runOnlyForDeploymentPostprocessing = 0;
		};
/* End PBXSourcesBuildPhase section */

/* Begin XCBuildConfiguration section */
		E00000000000000000000051 /* Debug */ = {
			isa = XCBuildConfiguration;
			buildSettings = {
				ALWAYS_SEARCH_USER_PATHS = NO;
				CLANG_ENABLE_MODULES = YES;
				CLANG_ENABLE_OBJC_ARC = YES;
				COPY_PHASE_STRIP = NO;
				DEBUG_INFORMATION_FORMAT = dwarf;
				ENABLE_STRICT_OBJC_MSGSEND = YES;
				ENABLE_TESTABILITY = YES;
				ENABLE_USER_SCRIPT_SANDBOXING = NO;
				GCC_C_LANGUAGE_STANDARD = gnu17;
				GCC_DYNAMIC_NO_PIC = NO;
				GCC_NO_COMMON_BLOCKS = YES;
				GCC_OPTIMIZATION_LEVEL = 0;
				GCC_PREPROCESSOR_DEFINITIONS = (
					"DEBUG=1",
					"$(inherited)",
				);
				IPHONEOS_DEPLOYMENT_TARGET = 17.0;
				MTL_ENABLE_DEBUG_INFO = INCLUDE_SOURCE;
				MTL_FAST_MATH = YES;
				ONLY_ACTIVE_ARCH = YES;
				SDKROOT = iphoneos;
				SWIFT_ACTIVE_COMPILATION_CONDITIONS = "DEBUG $(inherited)";
				SWIFT_OPTIMIZATION_LEVEL = "-Onone";
				SWIFT_VERSION = 5.0;
			};
			name = Debug;
		};
		E00000000000000000000052 /* Release */ = {
			isa = XCBuildConfiguration;
			buildSettings = {
				ALWAYS_SEARCH_USER_PATHS = NO;
				CLANG_ENABLE_MODULES = YES;
				CLANG_ENABLE_OBJC_ARC = YES;
				COPY_PHASE_STRIP = NO;
				DEBUG_INFORMATION_FORMAT = "dwarf-with-dsym";
				ENABLE_NS_ASSERTIONS = NO;
				ENABLE_STRICT_OBJC_MSGSEND = YES;
				ENABLE_USER_SCRIPT_SANDBOXING = NO;
				GCC_C_LANGUAGE_STANDARD = gnu17;
				GCC_NO_COMMON_BLOCKS = YES;
				IPHONEOS_DEPLOYMENT_TARGET = 17.0;
				MTL_ENABLE_DEBUG_INFO = NO;
				MTL_FAST_MATH = YES;
				SDKROOT = iphoneos;
				SWIFT_COMPILATION_MODE = wholemodule;
				SWIFT_OPTIMIZATION_LEVEL = "-O";
				SWIFT_VERSION = 5.0;
				VALIDATE_PRODUCT = YES;
			};
			name = Release;
		};
		E00000000000000000000054 /* Debug */ = {
			isa = XCBuildConfiguration;
			buildSettings = {
				ASSETCATALOG_COMPILER_APPICON_NAME = AppIcon;
				CODE_SIGN_STYLE = Automatic;
				CURRENT_PROJECT_VERSION = 1;
				GENERATE_INFOPLIST_FILE = NO;
				INFOPLIST_FILE = EpixNet/Info.plist;
				LD_RUNPATH_SEARCH_PATHS = (
					"$(inherited)",
					"@executable_path/Frameworks",
				);
				"LIBRARY_SEARCH_PATHS[sdk=iphoneos*]" = "$(SRCROOT)/../target/aarch64-apple-ios/release";
				"LIBRARY_SEARCH_PATHS[sdk=iphonesimulator*]" = "$(SRCROOT)/../target/aarch64-apple-ios-sim/release";
				MARKETING_VERSION = 0.1.0;
				OTHER_LDFLAGS = (
					"-lepix_ffi",
					"-liconv",
					"-framework",
					Security,
					"-framework",
					CoreFoundation,
				);
				PRODUCT_BUNDLE_IDENTIFIER = zone.epix.EpixNet;
				PRODUCT_NAME = "$(TARGET_NAME)";
				SWIFT_OBJC_BRIDGING_HEADER = "$(SRCROOT)/Generated/epix_ffiFFI.h";
				TARGETED_DEVICE_FAMILY = "1,2";
			};
			name = Debug;
		};
		E00000000000000000000055 /* Release */ = {
			isa = XCBuildConfiguration;
			buildSettings = {
				ASSETCATALOG_COMPILER_APPICON_NAME = AppIcon;
				CODE_SIGN_STYLE = Automatic;
				CURRENT_PROJECT_VERSION = 1;
				GENERATE_INFOPLIST_FILE = NO;
				INFOPLIST_FILE = EpixNet/Info.plist;
				LD_RUNPATH_SEARCH_PATHS = (
					"$(inherited)",
					"@executable_path/Frameworks",
				);
				"LIBRARY_SEARCH_PATHS[sdk=iphoneos*]" = "$(SRCROOT)/../target/aarch64-apple-ios/release";
				"LIBRARY_SEARCH_PATHS[sdk=iphonesimulator*]" = "$(SRCROOT)/../target/aarch64-apple-ios-sim/release";
				MARKETING_VERSION = 0.1.0;
				OTHER_LDFLAGS = (
					"-lepix_ffi",
					"-liconv",
					"-framework",
					Security,
					"-framework",
					CoreFoundation,
				);
				PRODUCT_BUNDLE_IDENTIFIER = zone.epix.EpixNet;
				PRODUCT_NAME = "$(TARGET_NAME)";
				SWIFT_OBJC_BRIDGING_HEADER = "$(SRCROOT)/Generated/epix_ffiFFI.h";
				TARGETED_DEVICE_FAMILY = "1,2";
			};
			name = Release;
		};
/* End XCBuildConfiguration section */

/* Begin XCConfigurationList section */
		E00000000000000000000050 /* Build configuration list for PBXProject "EpixNet" */ = {
			isa = XCConfigurationList;
			buildConfigurations = (
				E00000000000000000000051 /* Debug */,
				E00000000000000000000052 /* Release */,
			);
			defaultConfigurationIsVisible = 0;
			defaultConfigurationName = Release;
		};
		E00000000000000000000053 /* Build configuration list for PBXNativeTarget "EpixNet" */ = {
			isa = XCConfigurationList;
			buildConfigurations = (
				E00000000000000000000054 /* Debug */,
				E00000000000000000000055 /* Release */,
			);
			defaultConfigurationIsVisible = 0;
			defaultConfigurationName = Release;
		};
/* End XCConfigurationList section */
	};
	rootObject = E00000000000000000000001 /* Project object */;
}
